
Microsoft Visual Studio Solution File, Format Version 12.00
# Visual Studio Version 16
VisualStudioVersion = 16.0.30717.126
MinimumVisualStudioVersion = 10.0.40219.1
Project("{FAE04EC0-301F-11D3-BF4B-00C04F79EFBC}") = "test", "test\test.csproj", "{49A0EF88-1C5F-4C04-B8CE-026844885DAD}"
EndProject
Global
	GlobalSection(SolutionConfigurationPlatforms) = preSolution
		Debug|Any CPU = Debug|Any CPU
		Release|Any CPU = Release|Any CPU
	EndGlobalSection
	GlobalSection(ProjectConfigurationPlatforms) = postSolution
		{49A0EF88-1C5F-4C04-B8CE-026844885DAD}.Debug|Any CPU.ActiveCfg = Debug|Any CPU
		{49A0EF88-1C5F-4C04-B8CE-026844885DAD}.Debug|Any CPU.Build.0 = Debug|Any CPU
		{49A0EF88-1C5F-4C04-B8CE-026844885DAD}.Release|Any CPU.ActiveCfg = Release|Any CPU
		{49A0EF88-1C5F-4C04-B8CE-026844885DAD}.Release|Any CPU.Build.0 = Release|Any CPU
	EndGlobalSection
	GlobalSection(SolutionProperties) = preSolution
		HideSolutionNode = FALSE
	EndGlobalSection
	GlobalSection(ExtensibilityGlobals) = postSolution
		SolutionGuid = {DBDC95D5-FA74-4AEF-8CBE-105ABA05792B}
	EndGlobalSection
EndGlobal
